
Microsoft Visual Studio Solution File, Format Version 12.00
Project("{2150E333-8FDC-42A3-9474-1A3956D46DE8}") = "Writing Testing", "Writing Testing", "{74F022A1-98AD-4008-8D1E-891A260588AC}"
EndProject
Project("{2150E333-8FDC-42A3-9474-1A3956D46DE8}") = "Writing Integration testing with Docker", "Writing Integration testing with Docker", "{40268DCD-65BE-45F0-A3D4-61E2E4FEACB0}"
EndProject
Project("{2150E333-8FDC-42A3-9474-1A3956D46DE8}") = "Patterns", "Patterns", "{B0F6DA45-9159-4E74-B560-E955820E9980}"
EndProject
Project("{2150E333-8FDC-42A3-9474-1A3956D46DE8}") = "Aspect", "Aspect", "{87A450DA-6B21-4350-8D5B-08C17D90E37E}"
EndProject
Project("{2150E333-8FDC-42A3-9474-1A3956D46DE8}") = "tests", "tests", "{1D73E887-6E30-4DA7-A913-3AF11D9ADBB2}"
EndProject
Project("{2150E333-8FDC-42A3-9474-1A3956D46DE8}") = "Repository", "Repository", "{918D9E8C-4255-4B6F-87C6-2B37808E7648}"
	ProjectSection(SolutionItems) = preProject
		Repository\RepositoryPattern.md = Repository\RepositoryPattern.md
	EndProjectSection
EndProject
Project("{2150E333-8FDC-42A3-9474-1A3956D46DE8}") = "tests", "tests", "{7A3980C5-A680-4637-922B-25B40CDE704D}"
EndProject
Project("{2150E333-8FDC-42A3-9474-1A3956D46DE8}") = "Adapter", "Adapter", "{5A15A159-6CE7-4F9A-9E88-91447789E27A}"
	ProjectSection(SolutionItems) = preProject
		Adapter\AdapterPattern.md = Adapter\AdapterPattern.md
	EndProjectSection
EndProject
Project("{2150E333-8FDC-42A3-9474-1A3956D46DE8}") = "tests", "tests", "{E8B115FD-8039-4118-B422-A80FAC417B88}"
EndProject
Project("{2150E333-8FDC-42A3-9474-1A3956D46DE8}") = "Facade", "Facade", "{8847BCF9-0987-4BE0-84D6-C690B1523341}"
	ProjectSection(SolutionItems) = preProject
		Facade\FacadePattern.md = Facade\FacadePattern.md
	EndProjectSection
EndProject
Project("{2150E333-8FDC-42A3-9474-1A3956D46DE8}") = "tests", "tests", "{F49F7F45-1747-454B-9808-2E1BBD7CB36C}"
EndProject
Project("{2150E333-8FDC-42A3-9474-1A3956D46DE8}") = "Chain Of Responsibility", "Chain Of Responsibility", "{25BD27D8-BA42-412F-935E-80C4DE2AF451}"
	ProjectSection(SolutionItems) = preProject
		Chain.Of.Responsibility\ChainOfResponsibilityPattern.md = Chain.Of.Responsibility\ChainOfResponsibilityPattern.md
	EndProjectSection
EndProject
Project("{2150E333-8FDC-42A3-9474-1A3956D46DE8}") = "tests", "tests", "{A2D92809-EA4A-4336-8480-458D7F1D82AC}"
EndProject
Project("{2150E333-8FDC-42A3-9474-1A3956D46DE8}") = "Saga", "Saga", "{15CB82E5-E5B2-4848-80A2-DC83BFD6237A}"
	ProjectSection(SolutionItems) = preProject
		Saga\src\docker-compose.yml = Saga\src\docker-compose.yml
		Saga\src\SagaPattern.md = Saga\src\SagaPattern.md
	EndProjectSection
EndProject
Project("{2150E333-8FDC-42A3-9474-1A3956D46DE8}") = "tests", "tests", "{597867F6-4E3C-4C54-9C80-0341B5640B88}"
EndProject
Project("{2150E333-8FDC-42A3-9474-1A3956D46DE8}") = "Functional Programming", "Functional Programming", "{D7C2FC44-8CA9-4700-A606-0F54B0E89466}"
	ProjectSection(SolutionItems) = preProject
		Functional.Programming\README.Either.md = Functional.Programming\README.Either.md
	EndProjectSection
EndProject
Project("{FAE04EC0-301F-11D3-BF4B-00C04F79EFBC}") = "Pattern.Saga.Domain", "Saga\src\Pattern.Saga.Domain\Pattern.Saga.Domain.csproj", "{32D90958-DAAF-4C0D-A1DC-5CC8166B8628}"
EndProject
Project("{FAE04EC0-301F-11D3-BF4B-00C04F79EFBC}") = "Pattern.Saga.Application", "Saga\src\Pattern.Saga.Application\Pattern.Saga.Application.csproj", "{7168E40B-6A93-441E-8492-2C620918423F}"
EndProject
Project("{FAE04EC0-301F-11D3-BF4B-00C04F79EFBC}") = "Pattern.Saga.Web.Api", "Saga\src\Pattern.Saga.Web.Api\Pattern.Saga.Web.Api.csproj", "{9B744ACE-6C22-412C-9C73-D8EA7E9D8A50}"
EndProject
Project("{FAE04EC0-301F-11D3-BF4B-00C04F79EFBC}") = "Pattern.Saga.Integration.Testing", "Saga\tests\Pattern.Saga.Integration.Testing\Pattern.Saga.Integration.Testing.csproj", "{820CE46B-141C-4ADF-B354-37EF281D3ADF}"
EndProject
Project("{FAE04EC0-301F-11D3-BF4B-00C04F79EFBC}") = "Pattern.Repository", "Repository\src\Pattern.Repository.csproj", "{44FE5645-BD87-4298-9DC1-AA1E68C07DB3}"
EndProject
Project("{FAE04EC0-301F-11D3-BF4B-00C04F79EFBC}") = "Pattern.Repository.Unit.Tests", "Repository\tests\Pattern.Repository.Unit.Tests\Pattern.Repository.Unit.Tests.csproj", "{BA9F20F3-1040-4CA8-8005-888E0AA74FA8}"
EndProject
Project("{FAE04EC0-301F-11D3-BF4B-00C04F79EFBC}") = "Pattern.Facade", "Facade\src\Pattern.Facade.csproj", "{A3922776-6193-46AA-88A4-C8DC906B9BDF}"
EndProject
Project("{FAE04EC0-301F-11D3-BF4B-00C04F79EFBC}") = "Pattern.Facade.Unit.Tests", "Facade\tests\Pattern.Facade.Unit.Tests\Pattern.Facade.Unit.Tests.csproj", "{BEC5AEA9-6AA9-445B-B04D-4F752D01AA4A}"
EndProject
Project("{FAE04EC0-301F-11D3-BF4B-00C04F79EFBC}") = "Chain.Of.Responsibility", "Chain.Of.Responsibility\src\Chain.Of.Responsibility.csproj", "{1994D8A5-D38E-4B3B-A1DB-01469277F769}"
EndProject
Project("{FAE04EC0-301F-11D3-BF4B-00C04F79EFBC}") = "Chain.Of.Responsibility.Unit.Testing", "Chain.Of.Responsibility\tests\Chain.Of.Responsibility.Unit.Testing\Chain.Of.Responsibility.Unit.Testing.csproj", "{070A50AD-BADE-4A12-B0DD-5DB5A1D290D7}"
EndProject
Project("{FAE04EC0-301F-11D3-BF4B-00C04F79EFBC}") = "Pattern.Aspect.Integration.Testing", "Aspect\tests\Pattern.Aspect.Integration.Testing\Pattern.Aspect.Integration.Testing.csproj", "{23F6D52E-6B1D-42FD-9071-F52D10AC40E6}"
EndProject
Project("{FAE04EC0-301F-11D3-BF4B-00C04F79EFBC}") = "Pattern.Aspect", "Aspect\src\Pattern.Aspect.csproj", "{B8A9B605-29EA-463C-AB92-D25F311BCBCA}"
EndProject
Project("{FAE04EC0-301F-11D3-BF4B-00C04F79EFBC}") = "Pattern.Adapter", "Adapter\src\Pattern.Adapter.csproj", "{68E805AF-3FC2-46CD-AE09-0C5E8AB5488C}"
EndProject
Project("{FAE04EC0-301F-11D3-BF4B-00C04F79EFBC}") = "Pattern.Adapter.Unit.Testing", "Adapter\tests\Pattern.Adapter.Unit.Testing\Pattern.Adapter.Unit.Testing.csproj", "{390F19D9-8DF9-46C3-B1B2-DB2AF1EC5944}"
EndProject
Project("{2150E333-8FDC-42A3-9474-1A3956D46DE8}") = "Either", "Either", "{791488C0-64BA-48C7-8875-208CF20EF76F}"
EndProject
Project("{2150E333-8FDC-42A3-9474-1A3956D46DE8}") = "tests", "tests", "{119D55EE-1680-466E-9A1D-739A9A7F11E3}"
EndProject
Project("{FAE04EC0-301F-11D3-BF4B-00C04F79EFBC}") = "Pattern.Functional.Programming", "Functional.Programming\Either\src\Pattern.Functional.Programming.csproj", "{A7171280-02E9-40D9-B15F-62DD1165384E}"
EndProject
Project("{FAE04EC0-301F-11D3-BF4B-00C04F79EFBC}") = "Pattern.Functional.Programming.Unit.Testing", "Functional.Programming\Either\tests\Pattern.Functional.Programming.Unit.Testing\Pattern.Functional.Programming.Unit.Testing.csproj", "{F7BB316A-2B20-447C-9190-E82A7680D138}"
EndProject
Project("{2150E333-8FDC-42A3-9474-1A3956D46DE8}") = "Options", "Options", "{29D3DF3A-7582-4875-A0C1-4BBBC1B00505}"
EndProject
Project("{2150E333-8FDC-42A3-9474-1A3956D46DE8}") = "tests", "tests", "{CDC0120A-7FA1-41AF-9C08-321061FB7BBF}"
EndProject
Project("{FAE04EC0-301F-11D3-BF4B-00C04F79EFBC}") = "Pattern.Options.Validation.Unit.Testing", "Options\tests\Pattern.Options.Validation.Unit.Testing\Pattern.Options.Validation.Unit.Testing.csproj", "{0596CFED-291A-4F21-B708-00BF000B162D}"
EndProject
Project("{FAE04EC0-301F-11D3-BF4B-00C04F79EFBC}") = "Pattern.Options.Validation", "Options\src\Pattern.Options.Validation.csproj", "{390359C6-4E5C-48BC-A778-09CFD60618FE}"
EndProject
Project("{FAE04EC0-301F-11D3-BF4B-00C04F79EFBC}") = "Writing.Integration.Testing.With.Docker.Integration.Testing", "Testing\Writing.Integration.Testing.With.Docker.Integration.Testing\Writing.Integration.Testing.With.Docker.Integration.Testing.csproj", "{0EC30B56-07FF-4904-A8FC-97E4EA9A5E55}"
EndProject
Project("{2150E333-8FDC-42A3-9474-1A3956D46DE8}") = "Writing Test for Architecture", "Writing Test for Architecture", "{504B4523-08C7-4EDF-BA2C-AAEEB32513EB}"
EndProject
Project("{2150E333-8FDC-42A3-9474-1A3956D46DE8}") = "Architecture", "Architecture", "{3B8EDC44-98E0-4A57-87C0-698B363B7DC7}"
EndProject
Project("{FAE04EC0-301F-11D3-BF4B-00C04F79EFBC}") = "Api", "Architecture\src\Api\Api.csproj", "{6B958FE3-F183-4016-B43C-1D9E5B676424}"
EndProject
Project("{FAE04EC0-301F-11D3-BF4B-00C04F79EFBC}") = "Application", "Architecture\src\Application\Application.csproj", "{C04F033B-D0B8-4B5D-AC59-8CC578FD2F4F}"
EndProject
Project("{FAE04EC0-301F-11D3-BF4B-00C04F79EFBC}") = "Domain", "Architecture\src\Domain\Domain.csproj", "{D7EA84B8-75FB-4915-B5D1-E005FA5F0257}"
EndProject
Project("{FAE04EC0-301F-11D3-BF4B-00C04F79EFBC}") = "Infrastructure", "Architecture\src\Infrastructure\Infrastructure.csproj", "{98E8EDA6-7574-4590-9B7F-2772083893FC}"
EndProject
Project("{2150E333-8FDC-42A3-9474-1A3956D46DE8}") = "tests", "tests", "{28DF582A-C0BE-4146-943E-0DE6740F49EA}"
EndProject
Project("{FAE04EC0-301F-11D3-BF4B-00C04F79EFBC}") = "Writing.Architecture.Unit.Tests", "Architecture\tests\Writing.Architecture.Unit.Tests\Writing.Architecture.Unit.Tests.csproj", "{139CDB73-7333-472E-84CE-134B496DC509}"
EndProject
Global
	GlobalSection(SolutionConfigurationPlatforms) = preSolution
		Debug|Any CPU = Debug|Any CPU
		Release|Any CPU = Release|Any CPU
	EndGlobalSection
	GlobalSection(NestedProjects) = preSolution
		{40268DCD-65BE-45F0-A3D4-61E2E4FEACB0} = {74F022A1-98AD-4008-8D1E-891A260588AC}
		{87A450DA-6B21-4350-8D5B-08C17D90E37E} = {B0F6DA45-9159-4E74-B560-E955820E9980}
		{1D73E887-6E30-4DA7-A913-3AF11D9ADBB2} = {87A450DA-6B21-4350-8D5B-08C17D90E37E}
		{918D9E8C-4255-4B6F-87C6-2B37808E7648} = {B0F6DA45-9159-4E74-B560-E955820E9980}
		{7A3980C5-A680-4637-922B-25B40CDE704D} = {918D9E8C-4255-4B6F-87C6-2B37808E7648}
		{5A15A159-6CE7-4F9A-9E88-91447789E27A} = {B0F6DA45-9159-4E74-B560-E955820E9980}
		{E8B115FD-8039-4118-B422-A80FAC417B88} = {5A15A159-6CE7-4F9A-9E88-91447789E27A}
		{8847BCF9-0987-4BE0-84D6-C690B1523341} = {B0F6DA45-9159-4E74-B560-E955820E9980}
		{F49F7F45-1747-454B-9808-2E1BBD7CB36C} = {8847BCF9-0987-4BE0-84D6-C690B1523341}
		{25BD27D8-BA42-412F-935E-80C4DE2AF451} = {B0F6DA45-9159-4E74-B560-E955820E9980}
		{A2D92809-EA4A-4336-8480-458D7F1D82AC} = {25BD27D8-BA42-412F-935E-80C4DE2AF451}
		{15CB82E5-E5B2-4848-80A2-DC83BFD6237A} = {B0F6DA45-9159-4E74-B560-E955820E9980}
		{597867F6-4E3C-4C54-9C80-0341B5640B88} = {15CB82E5-E5B2-4848-80A2-DC83BFD6237A}
		{D7C2FC44-8CA9-4700-A606-0F54B0E89466} = {B0F6DA45-9159-4E74-B560-E955820E9980}
		{32D90958-DAAF-4C0D-A1DC-5CC8166B8628} = {15CB82E5-E5B2-4848-80A2-DC83BFD6237A}
		{7168E40B-6A93-441E-8492-2C620918423F} = {15CB82E5-E5B2-4848-80A2-DC83BFD6237A}
		{9B744ACE-6C22-412C-9C73-D8EA7E9D8A50} = {15CB82E5-E5B2-4848-80A2-DC83BFD6237A}
		{820CE46B-141C-4ADF-B354-37EF281D3ADF} = {597867F6-4E3C-4C54-9C80-0341B5640B88}
		{44FE5645-BD87-4298-9DC1-AA1E68C07DB3} = {918D9E8C-4255-4B6F-87C6-2B37808E7648}
		{BA9F20F3-1040-4CA8-8005-888E0AA74FA8} = {7A3980C5-A680-4637-922B-25B40CDE704D}
		{A3922776-6193-46AA-88A4-C8DC906B9BDF} = {8847BCF9-0987-4BE0-84D6-C690B1523341}
		{BEC5AEA9-6AA9-445B-B04D-4F752D01AA4A} = {F49F7F45-1747-454B-9808-2E1BBD7CB36C}
		{1994D8A5-D38E-4B3B-A1DB-01469277F769} = {25BD27D8-BA42-412F-935E-80C4DE2AF451}
		{070A50AD-BADE-4A12-B0DD-5DB5A1D290D7} = {A2D92809-EA4A-4336-8480-458D7F1D82AC}
		{23F6D52E-6B1D-42FD-9071-F52D10AC40E6} = {1D73E887-6E30-4DA7-A913-3AF11D9ADBB2}
		{B8A9B605-29EA-463C-AB92-D25F311BCBCA} = {87A450DA-6B21-4350-8D5B-08C17D90E37E}
		{68E805AF-3FC2-46CD-AE09-0C5E8AB5488C} = {5A15A159-6CE7-4F9A-9E88-91447789E27A}
		{390F19D9-8DF9-46C3-B1B2-DB2AF1EC5944} = {E8B115FD-8039-4118-B422-A80FAC417B88}
		{791488C0-64BA-48C7-8875-208CF20EF76F} = {D7C2FC44-8CA9-4700-A606-0F54B0E89466}
		{119D55EE-1680-466E-9A1D-739A9A7F11E3} = {791488C0-64BA-48C7-8875-208CF20EF76F}
		{A7171280-02E9-40D9-B15F-62DD1165384E} = {791488C0-64BA-48C7-8875-208CF20EF76F}
		{F7BB316A-2B20-447C-9190-E82A7680D138} = {119D55EE-1680-466E-9A1D-739A9A7F11E3}
		{29D3DF3A-7582-4875-A0C1-4BBBC1B00505} = {B0F6DA45-9159-4E74-B560-E955820E9980}
		{CDC0120A-7FA1-41AF-9C08-321061FB7BBF} = {29D3DF3A-7582-4875-A0C1-4BBBC1B00505}
		{0596CFED-291A-4F21-B708-00BF000B162D} = {CDC0120A-7FA1-41AF-9C08-321061FB7BBF}
		{390359C6-4E5C-48BC-A778-09CFD60618FE} = {29D3DF3A-7582-4875-A0C1-4BBBC1B00505}
		{0EC30B56-07FF-4904-A8FC-97E4EA9A5E55} = {40268DCD-65BE-45F0-A3D4-61E2E4FEACB0}
		{504B4523-08C7-4EDF-BA2C-AAEEB32513EB} = {74F022A1-98AD-4008-8D1E-891A260588AC}
		{3B8EDC44-98E0-4A57-87C0-698B363B7DC7} = {504B4523-08C7-4EDF-BA2C-AAEEB32513EB}
		{6B958FE3-F183-4016-B43C-1D9E5B676424} = {3B8EDC44-98E0-4A57-87C0-698B363B7DC7}
		{C04F033B-D0B8-4B5D-AC59-8CC578FD2F4F} = {3B8EDC44-98E0-4A57-87C0-698B363B7DC7}
		{D7EA84B8-75FB-4915-B5D1-E005FA5F0257} = {3B8EDC44-98E0-4A57-87C0-698B363B7DC7}
		{98E8EDA6-7574-4590-9B7F-2772083893FC} = {3B8EDC44-98E0-4A57-87C0-698B363B7DC7}
		{28DF582A-C0BE-4146-943E-0DE6740F49EA} = {504B4523-08C7-4EDF-BA2C-AAEEB32513EB}
		{139CDB73-7333-472E-84CE-134B496DC509} = {28DF582A-C0BE-4146-943E-0DE6740F49EA}
	EndGlobalSection
	GlobalSection(ProjectConfigurationPlatforms) = postSolution
		{32D90958-DAAF-4C0D-A1DC-5CC8166B8628}.Release|Any CPU.ActiveCfg = Release|Any CPU
		{32D90958-DAAF-4C0D-A1DC-5CC8166B8628}.Release|Any CPU.Build.0 = Release|Any CPU
		{7168E40B-6A93-441E-8492-2C620918423F}.Release|Any CPU.ActiveCfg = Release|Any CPU
		{7168E40B-6A93-441E-8492-2C620918423F}.Release|Any CPU.Build.0 = Release|Any CPU
		{9B744ACE-6C22-412C-9C73-D8EA7E9D8A50}.Release|Any CPU.ActiveCfg = Release|Any CPU
		{9B744ACE-6C22-412C-9C73-D8EA7E9D8A50}.Release|Any CPU.Build.0 = Release|Any CPU
		{820CE46B-141C-4ADF-B354-37EF281D3ADF}.Release|Any CPU.ActiveCfg = Release|Any CPU
		{820CE46B-141C-4ADF-B354-37EF281D3ADF}.Release|Any CPU.Build.0 = Release|Any CPU
		{44FE5645-BD87-4298-9DC1-AA1E68C07DB3}.Release|Any CPU.ActiveCfg = Release|Any CPU
		{44FE5645-BD87-4298-9DC1-AA1E68C07DB3}.Release|Any CPU.Build.0 = Release|Any CPU
		{BA9F20F3-1040-4CA8-8005-888E0AA74FA8}.Release|Any CPU.ActiveCfg = Release|Any CPU
		{BA9F20F3-1040-4CA8-8005-888E0AA74FA8}.Release|Any CPU.Build.0 = Release|Any CPU
		{A3922776-6193-46AA-88A4-C8DC906B9BDF}.Release|Any CPU.ActiveCfg = Release|Any CPU
		{A3922776-6193-46AA-88A4-C8DC906B9BDF}.Release|Any CPU.Build.0 = Release|Any CPU
		{BEC5AEA9-6AA9-445B-B04D-4F752D01AA4A}.Release|Any CPU.ActiveCfg = Release|Any CPU
		{BEC5AEA9-6AA9-445B-B04D-4F752D01AA4A}.Release|Any CPU.Build.0 = Release|Any CPU
		{1994D8A5-D38E-4B3B-A1DB-01469277F769}.Release|Any CPU.ActiveCfg = Release|Any CPU
		{1994D8A5-D38E-4B3B-A1DB-01469277F769}.Release|Any CPU.Build.0 = Release|Any CPU
		{070A50AD-BADE-4A12-B0DD-5DB5A1D290D7}.Release|Any CPU.ActiveCfg = Release|Any CPU
		{070A50AD-BADE-4A12-B0DD-5DB5A1D290D7}.Release|Any CPU.Build.0 = Release|Any CPU
		{23F6D52E-6B1D-42FD-9071-F52D10AC40E6}.Release|Any CPU.ActiveCfg = Release|Any CPU
		{23F6D52E-6B1D-42FD-9071-F52D10AC40E6}.Release|Any CPU.Build.0 = Release|Any CPU
		{B8A9B605-29EA-463C-AB92-D25F311BCBCA}.Release|Any CPU.ActiveCfg = Release|Any CPU
		{B8A9B605-29EA-463C-AB92-D25F311BCBCA}.Release|Any CPU.Build.0 = Release|Any CPU
		{68E805AF-3FC2-46CD-AE09-0C5E8AB5488C}.Release|Any CPU.ActiveCfg = Release|Any CPU
		{68E805AF-3FC2-46CD-AE09-0C5E8AB5488C}.Release|Any CPU.Build.0 = Release|Any CPU
		{390F19D9-8DF9-46C3-B1B2-DB2AF1EC5944}.Release|Any CPU.ActiveCfg = Release|Any CPU
		{390F19D9-8DF9-46C3-B1B2-DB2AF1EC5944}.Release|Any CPU.Build.0 = Release|Any CPU
		{A7171280-02E9-40D9-B15F-62DD1165384E}.Debug|Any CPU.ActiveCfg = Debug|Any CPU
		{A7171280-02E9-40D9-B15F-62DD1165384E}.Debug|Any CPU.Build.0 = Debug|Any CPU
		{A7171280-02E9-40D9-B15F-62DD1165384E}.Release|Any CPU.ActiveCfg = Release|Any CPU
		{A7171280-02E9-40D9-B15F-62DD1165384E}.Release|Any CPU.Build.0 = Release|Any CPU
		{F7BB316A-2B20-447C-9190-E82A7680D138}.Debug|Any CPU.ActiveCfg = Debug|Any CPU
		{F7BB316A-2B20-447C-9190-E82A7680D138}.Debug|Any CPU.Build.0 = Debug|Any CPU
		{F7BB316A-2B20-447C-9190-E82A7680D138}.Release|Any CPU.ActiveCfg = Release|Any CPU
		{F7BB316A-2B20-447C-9190-E82A7680D138}.Release|Any CPU.Build.0 = Release|Any CPU
		{0596CFED-291A-4F21-B708-00BF000B162D}.Release|Any CPU.ActiveCfg = Release|Any CPU
		{0596CFED-291A-4F21-B708-00BF000B162D}.Release|Any CPU.Build.0 = Release|Any CPU
		{390359C6-4E5C-48BC-A778-09CFD60618FE}.Release|Any CPU.ActiveCfg = Release|Any CPU
		{390359C6-4E5C-48BC-A778-09CFD60618FE}.Release|Any CPU.Build.0 = Release|Any CPU
		{0EC30B56-07FF-4904-A8FC-97E4EA9A5E55}.Release|Any CPU.ActiveCfg = Release|Any CPU
		{0EC30B56-07FF-4904-A8FC-97E4EA9A5E55}.Release|Any CPU.Build.0 = Release|Any CPU
		{6B958FE3-F183-4016-B43C-1D9E5B676424}.Release|Any CPU.ActiveCfg = Release|Any CPU
		{6B958FE3-F183-4016-B43C-1D9E5B676424}.Release|Any CPU.Build.0 = Release|Any CPU
		{C04F033B-D0B8-4B5D-AC59-8CC578FD2F4F}.Release|Any CPU.ActiveCfg = Release|Any CPU
		{C04F033B-D0B8-4B5D-AC59-8CC578FD2F4F}.Release|Any CPU.Build.0 = Release|Any CPU
		{D7EA84B8-75FB-4915-B5D1-E005FA5F0257}.Release|Any CPU.ActiveCfg = Release|Any CPU
		{D7EA84B8-75FB-4915-B5D1-E005FA5F0257}.Release|Any CPU.Build.0 = Release|Any CPU
		{98E8EDA6-7574-4590-9B7F-2772083893FC}.Release|Any CPU.ActiveCfg = Release|Any CPU
		{98E8EDA6-7574-4590-9B7F-2772083893FC}.Release|Any CPU.Build.0 = Release|Any CPU
		{139CDB73-7333-472E-84CE-134B496DC509}.Release|Any CPU.ActiveCfg = Release|Any CPU
		{139CDB73-7333-472E-84CE-134B496DC509}.Release|Any CPU.Build.0 = Release|Any CPU
	EndGlobalSection
EndGlobal
